<?xml version="1.0" encoding="utf-8"?>
<Project ToolsVersion="4.0" xmlns="http://schemas.microsoft.com/developer/msbuild/2003">
  <ItemGroup>
    <Filter Include="Source Files">
      <UniqueIdentifier>{4FC737F1-C7A5-4376-A066-2A32D752A2FF}</UniqueIdentifier>
      <Extensions>cpp;c;cc;cxx;def;odl;idl;hpj;bat;asm;asmx</Extensions>
    </Filter>
    <Filter Include="Header Files">
      <UniqueIdentifier>{93995380-89BD-4b04-88EB-625FBE52EBFB}</UniqueIdentifier>
      <Extensions>h;hh;hpp;hxx;hm;inl;inc;xsd</Extensions>
    </Filter>
    <Filter Include="Resource Files">
      <UniqueIdentifier>{67DA6AB6-F800-4c08-8B7A-83BB121AAD01}</UniqueIdentifier>
      <Extensions>rc;ico;cur;bmp;dlg;rc2;rct;bin;rgs;gif;jpg;jpeg;jpe;resx;tiff;tif;png;wav;mfcribbon-ms</Extensions>
    </Filter>
    <Filter Include="Header Files\Managers">
      <UniqueIdentifier>{5c45a996-93e7-4249-9ea6-7d6de83d47d0}</UniqueIdentifier>
    </Filter>
    <Filter Include="Source Files\Managers">
      <UniqueIdentifier>{98fd1756-2e13-487c-bd64-e9e82b03fe95}</UniqueIdentifier>
    </Filter>
    <Filter Include="Source Files\Materials">
      <UniqueIdentifier>{37299c28-c3d8-406a-992f-e5ce9fa0ac51}</UniqueIdentifier>
    </Filter>
    <Filter Include="Header Files\Materials">
      <UniqueIdentifier>{187074c6-7f13-4bc8-a9b2-ca4a0a2b8632}</UniqueIdentifier>
    </Filter>
    <Filter Include="Header Files\Models">
      <UniqueIdentifier>{30a0b83b-85f9-4a8a-8afd-53638df3eda5}</UniqueIdentifier>
    </Filter>
    <Filter Include="Source Files\Models">
      <UniqueIdentifier>{e8603160-ac5b-4f73-a6d9-829e91045d7b}</UniqueIdentifier>
    </Filter>
    <Filter Include="Header Files\Entities">
      <UniqueIdentifier>{6c758628-4bff-4e8f-abfd-74ab14e88606}</UniqueIdentifier>
    </Filter>
    <Filter Include="Source Files\Entities">
      <UniqueIdentifier>{5da98d4e-97ab-4cc3-8687-7ee5e71877a2}</UniqueIdentifier>
    </Filter>
    <Filter Include="Header Files\Controllers">
      <UniqueIdentifier>{99c5aff1-4327-4432-af45-587124e8e20a}</UniqueIdentifier>
    </Filter>
    <Filter Include="Source Files\Controllers">
      <UniqueIdentifier>{8a92bdcb-493a-4c7d-b901-5a8e8db3197e}</UniqueIdentifier>
    </Filter>
    <Filter Include="Header Files\Entities\Lights">
      <UniqueIdentifier>{d9c695b3-f87f-4c2f-97d5-3b685e9eb1d9}</UniqueIdentifier>
    </Filter>
    <Filter Include="Source Files\Entities\Lights">
      <UniqueIdentifier>{4262a5ab-1ee5-4114-aa66-00fcfd37f40d}</UniqueIdentifier>
    </Filter>
    <Filter Include="Header Files\Entities\HUD">
      <UniqueIdentifier>{48f06508-6ccf-43d2-ae26-c15d2ee15621}</UniqueIdentifier>
    </Filter>
    <Filter Include="Source Files\Entities\HUD">
      <UniqueIdentifier>{935efa8d-74a7-4a42-98ff-0ae9024786bf}</UniqueIdentifier>
    </Filter>
  </ItemGroup>
  <ItemGroup>
    <ClCompile Include="glad.c">
      <Filter>Source Files</Filter>
    </ClCompile>
    <ClCompile Include="Shader.cpp">
      <Filter>Source Files</Filter>
    </ClCompile>
    <ClCompile Include="stb_image.cpp">
      <Filter>Source Files</Filter>
    </ClCompile>
    <ClCompile Include="MaterialManager.cpp">
      <Filter>Source Files\Managers</Filter>
    </ClCompile>
    <ClCompile Include="ShaderManager.cpp">
      <Filter>Source Files\Managers</Filter>
    </ClCompile>
    <ClCompile Include="TextureManager.cpp">
      <Filter>Source Files\Managers</Filter>
    </ClCompile>
    <ClCompile Include="LitMaterial.cpp">
      <Filter>Source Files\Materials</Filter>
    </ClCompile>
    <ClCompile Include="UnlitMaterial.cpp">
      <Filter>Source Files\Materials</Filter>
    </ClCompile>
    <ClCompile Include="Material.cpp">
      <Filter>Source Files\Materials</Filter>
    </ClCompile>
    <ClCompile Include="GlobalManager.cpp">
      <Filter>Source Files\Managers</Filter>
    </ClCompile>
    <ClCompile Include="ModelManager.cpp">
      <Filter>Source Files\Managers</Filter>
    </ClCompile>
    <ClCompile Include="Texture.cpp">
      <Filter>Source Files</Filter>
    </ClCompile>
    <ClCompile Include="Model.cpp">
      <Filter>Source Files\Models</Filter>
    </ClCompile>
    <ClCompile Include="Mesh.cpp">
      <Filter>Source Files\Models</Filter>
    </ClCompile>
    <ClCompile Include="ModelNode.cpp">
      <Filter>Source Files\Models</Filter>
    </ClCompile>
    <ClCompile Include="AnimationManager.cpp">
      <Filter>Source Files\Managers</Filter>
    </ClCompile>
    <ClCompile Include="Animation.cpp">
      <Filter>Source Files\Models</Filter>
    </ClCompile>
    <ClCompile Include="BaseEntity.cpp">
      <Filter>Source Files\Entities</Filter>
    </ClCompile>
    <ClCompile Include="BaseModeled.cpp">
      <Filter>Source Files\Entities</Filter>
    </ClCompile>
    <ClCompile Include="EntityManager.cpp">
      <Filter>Source Files\Managers</Filter>
    </ClCompile>
    <ClCompile Include="RenderManager.cpp">
      <Filter>Source Files\Managers</Filter>
    </ClCompile>
    <ClCompile Include="InputManager.cpp">
      <Filter>Source Files\Managers</Filter>
    </ClCompile>
    <ClCompile Include="CommandProcessor.cpp">
      <Filter>Source Files</Filter>
    </ClCompile>
    <ClCompile Include="Global.cpp">
      <Filter>Source Files</Filter>
    </ClCompile>
    <ClCompile Include="FileManager.cpp">
      <Filter>Source Files\Managers</Filter>
    </ClCompile>
    <ClCompile Include="Skybox.cpp">
      <Filter>Source Files\Entities</Filter>
    </ClCompile>
    <ClCompile Include="SkyboxMaterial.cpp">
      <Filter>Source Files\Materials</Filter>
    </ClCompile>
    <ClCompile Include="Player.cpp">
      <Filter>Source Files\Entities</Filter>
    </ClCompile>
    <ClCompile Include="MaterialController.cpp">
      <Filter>Source Files\Controllers</Filter>
    </ClCompile>
    <ClCompile Include="AnimationController.cpp">
      <Filter>Source Files\Controllers</Filter>
    </ClCompile>
    <ClCompile Include="BaseAnimated.cpp">
      <Filter>Source Files\Entities</Filter>
    </ClCompile>
    <ClCompile Include="DirLight.cpp">
      <Filter>Source Files\Entities\Lights</Filter>
    </ClCompile>
    <ClCompile Include="BaseLight.cpp">
      <Filter>Source Files\Entities\Lights</Filter>
    </ClCompile>
    <ClCompile Include="PointLight.cpp">
      <Filter>Source Files\Entities\Lights</Filter>
    </ClCompile>
    <ClCompile Include="SpotLight.cpp">
      <Filter>Source Files\Entities\Lights</Filter>
    </ClCompile>
    <ClCompile Include="CSMLight.cpp">
      <Filter>Source Files\Entities\Lights</Filter>
    </ClCompile>
    <ClCompile Include="BaseDrawable.cpp">
      <Filter>Source Files\Entities</Filter>
    </ClCompile>
    <ClCompile Include="SpotLightShadow.cpp">
      <Filter>Source Files\Entities\Lights</Filter>
    </ClCompile>
    <ClCompile Include="DirLightShadow.cpp">
      <Filter>Source Files\Entities\Lights</Filter>
    </ClCompile>
    <ClCompile Include="PointLightShadow.cpp">
      <Filter>Source Files\Entities\Lights</Filter>
    </ClCompile>
    <ClCompile Include="Main.cpp">
      <Filter>Source Files</Filter>
    </ClCompile>
    <ClCompile Include="BaseHUDElement.cpp">
      <Filter>Source Files\Entities\HUD</Filter>
    </ClCompile>
    <ClCompile Include="MaterialHUDElement.cpp">
      <Filter>Source Files\Entities\HUD</Filter>
    </ClCompile>
    <ClCompile Include="BaseWorld.cpp">
      <Filter>Source Files\Entities</Filter>
    </ClCompile>
    <ClCompile Include="BaseTransform.cpp">
      <Filter>Source Files\Entities</Filter>
    </ClCompile>
    <ClCompile Include="BaseHUDTransform.cpp">
      <Filter>Source Files\Entities\HUD</Filter>
    </ClCompile>
    <ClCompile Include="ColorHUDMaterial.cpp">
      <Filter>Source Files\Materials</Filter>
    </ClCompile>
  </ItemGroup>
  <ItemGroup>
    <ClInclude Include="Shader.h">
      <Filter>Header Files</Filter>
    </ClInclude>
    <ClInclude Include="stb_image.h">
      <Filter>Header Files</Filter>
    </ClInclude>
    <ClInclude Include="MaterialManager.h">
      <Filter>Header Files\Managers</Filter>
    </ClInclude>
    <ClInclude Include="ShaderManager.h">
      <Filter>Header Files\Managers</Filter>
    </ClInclude>
    <ClInclude Include="TextureManager.h">
      <Filter>Header Files\Managers</Filter>
    </ClInclude>
    <ClInclude Include="LitMaterial.h">
      <Filter>Header Files\Materials</Filter>
    </ClInclude>
    <ClInclude Include="UnlitMaterial.h">
      <Filter>Header Files\Materials</Filter>
    </ClInclude>
    <ClInclude Include="Material.h">
      <Filter>Header Files\Materials</Filter>
    </ClInclude>
    <ClInclude Include="GlobalManager.h">
      <Filter>Header Files\Managers</Filter>
    </ClInclude>
    <ClInclude Include="ModelManager.h">
      <Filter>Header Files\Managers</Filter>
    </ClInclude>
    <ClInclude Include="Texture.h">
      <Filter>Header Files</Filter>
    </ClInclude>
    <ClInclude Include="Model.h">
      <Filter>Header Files\Models</Filter>
    </ClInclude>
    <ClInclude Include="Mesh.h">
      <Filter>Header Files\Models</Filter>
    </ClInclude>
    <ClInclude Include="ModelNode.h">
      <Filter>Header Files\Models</Filter>
    </ClInclude>
    <ClInclude Include="AnimationManager.h">
      <Filter>Header Files\Managers</Filter>
    </ClInclude>
    <ClInclude Include="Animation.h">
      <Filter>Header Files\Models</Filter>
    </ClInclude>
    <ClInclude Include="BaseEntity.h">
      <Filter>Header Files\Entities</Filter>
    </ClInclude>
    <ClInclude Include="BaseModeled.h">
      <Filter>Header Files\Entities</Filter>
    </ClInclude>
    <ClInclude Include="EntityManager.h">
      <Filter>Header Files\Managers</Filter>
    </ClInclude>
    <ClInclude Include="RenderManager.h">
      <Filter>Header Files\Managers</Filter>
    </ClInclude>
    <ClInclude Include="InputManager.h">
      <Filter>Header Files\Managers</Filter>
    </ClInclude>
    <ClInclude Include="CommandProcessor.h">
      <Filter>Header Files</Filter>
    </ClInclude>
    <ClInclude Include="Global.h">
      <Filter>Header Files</Filter>
    </ClInclude>
    <ClInclude Include="PreGlobal.h">
      <Filter>Header Files</Filter>
    </ClInclude>
    <ClInclude Include="FileManager.h">
      <Filter>Header Files\Managers</Filter>
    </ClInclude>
    <ClInclude Include="Math.h">
      <Filter>Header Files</Filter>
    </ClInclude>
    <ClInclude Include="Skybox.h">
      <Filter>Header Files\Entities</Filter>
    </ClInclude>
    <ClInclude Include="SkyboxMaterial.h">
      <Filter>Header Files\Materials</Filter>
    </ClInclude>
    <ClInclude Include="Player.h">
      <Filter>Header Files\Entities</Filter>
    </ClInclude>
    <ClInclude Include="MaterialController.h">
      <Filter>Header Files\Controllers</Filter>
    </ClInclude>
    <ClInclude Include="AnimationController.h">
      <Filter>Header Files\Controllers</Filter>
    </ClInclude>
    <ClInclude Include="BaseAnimated.h">
      <Filter>Header Files\Entities</Filter>
    </ClInclude>
    <ClInclude Include="DirLight.h">
      <Filter>Header Files\Entities\Lights</Filter>
    </ClInclude>
    <ClInclude Include="BaseLight.h">
      <Filter>Header Files\Entities\Lights</Filter>
    </ClInclude>
    <ClInclude Include="PointLight.h">
      <Filter>Header Files\Entities\Lights</Filter>
    </ClInclude>
    <ClInclude Include="SpotLight.h">
      <Filter>Header Files\Entities\Lights</Filter>
    </ClInclude>
    <ClInclude Include="CSMLight.h">
      <Filter>Header Files\Entities\Lights</Filter>
    </ClInclude>
    <ClInclude Include="BaseDrawable.h">
      <Filter>Header Files\Entities</Filter>
    </ClInclude>
    <ClInclude Include="DirLightShadow.h">
      <Filter>Header Files\Entities\Lights</Filter>
    </ClInclude>
    <ClInclude Include="PointLightShadow.h">
      <Filter>Header Files\Entities\Lights</Filter>
    </ClInclude>
    <ClInclude Include="SpotLightShadow.h">
      <Filter>Header Files\Entities\Lights</Filter>
    </ClInclude>
    <ClInclude Include="BaseHUDElement.h">
      <Filter>Header Files\Entities\HUD</Filter>
    </ClInclude>
    <ClInclude Include="MaterialHUDElement.h">
      <Filter>Header Files\Entities\HUD</Filter>
    </ClInclude>
    <ClInclude Include="BaseWorld.h">
      <Filter>Header Files\Entities</Filter>
    </ClInclude>
    <ClInclude Include="BaseTransform.h">
      <Filter>Header Files\Entities</Filter>
    </ClInclude>
    <ClInclude Include="BaseHUDTransform.h">
      <Filter>Header Files\Entities\HUD</Filter>
    </ClInclude>
    <ClInclude Include="ColorHUDMaterial.h">
      <Filter>Header Files\Materials</Filter>
    </ClInclude>
  </ItemGroup>
</Project>