<?xml version="1.0" encoding="utf-8"?>
<Project ToolsVersion="4.0" xmlns="http://schemas.microsoft.com/developer/msbuild/2003">
  <ItemGroup>
    <Filter Include="Source Files">
      <UniqueIdentifier>{4FC737F1-C7A5-4376-A066-2A32D752A2FF}</UniqueIdentifier>
      <Extensions>cpp;c;cc;cxx;c++;cppm;ixx;def;odl;idl;hpj;bat;asm;asmx</Extensions>
    </Filter>
    <Filter Include="Header Files">
      <UniqueIdentifier>{93995380-89BD-4b04-88EB-625FBE52EBFB}</UniqueIdentifier>
      <Extensions>h;hh;hpp;hxx;h++;hm;inl;inc;ipp;xsd</Extensions>
    </Filter>
    <Filter Include="Resource Files">
      <UniqueIdentifier>{67DA6AB6-F800-4c08-8B7A-83BB121AAD01}</UniqueIdentifier>
      <Extensions>rc;ico;cur;bmp;dlg;rc2;rct;bin;rgs;gif;jpg;jpeg;jpe;resx;tiff;tif;png;wav;mfcribbon-ms</Extensions>
    </Filter>
    <Filter Include="Header Files\Global">
      <UniqueIdentifier>{0a1b41f8-810f-4108-9f7e-95875d26b5be}</UniqueIdentifier>
    </Filter>
    <Filter Include="Source Files\Global">
      <UniqueIdentifier>{62657de4-3157-4c15-aedd-a1e2b3296a5d}</UniqueIdentifier>
    </Filter>
    <Filter Include="Header Files\Manager">
      <UniqueIdentifier>{7d49bdb5-8bc6-4f7f-b17f-bb610bdcbc27}</UniqueIdentifier>
    </Filter>
    <Filter Include="Source Files\Manager">
      <UniqueIdentifier>{0e4b0074-d03f-4e32-8406-3aa6165cd924}</UniqueIdentifier>
    </Filter>
    <Filter Include="Header Files\Resource">
      <UniqueIdentifier>{b89ed63b-d8f2-487d-9071-48380f2029bb}</UniqueIdentifier>
    </Filter>
    <Filter Include="Source Files\Resource">
      <UniqueIdentifier>{81cb490a-9341-4a17-a056-26f01ba83ed2}</UniqueIdentifier>
    </Filter>
    <Filter Include="Include">
      <UniqueIdentifier>{ddbc35f7-7425-486c-b8c8-d4ccb845d945}</UniqueIdentifier>
    </Filter>
    <Filter Include="Header Files\Resource\Data">
      <UniqueIdentifier>{c476ac48-db2d-433d-9d48-98abd6543df8}</UniqueIdentifier>
    </Filter>
    <Filter Include="Source Files\Resource\Data">
      <UniqueIdentifier>{ee84a921-fcec-4043-a086-4c2ac445f206}</UniqueIdentifier>
    </Filter>
    <Filter Include="Header Files\Misc">
      <UniqueIdentifier>{f900f23d-96f5-4871-af39-18bb19d88548}</UniqueIdentifier>
    </Filter>
  </ItemGroup>
  <ItemGroup>
    <ClInclude Include="Global.h">
      <Filter>Header Files\Global</Filter>
    </ClInclude>
    <ClInclude Include="..\Shared\SharedGlobal.h">
      <Filter>Header Files\Global</Filter>
    </ClInclude>
    <ClInclude Include="..\Shared\FileManager.h">
      <Filter>Header Files\Manager</Filter>
    </ClInclude>
    <ClInclude Include="..\Shared\Strings.h">
      <Filter>Header Files\Global</Filter>
    </ClInclude>
    <ClInclude Include="..\Shared\Maths.h">
      <Filter>Header Files\Global</Filter>
    </ClInclude>
    <ClInclude Include="..\Shared\AnimationResourceData.h">
      <Filter>Header Files\Resource\Data</Filter>
    </ClInclude>
    <ClInclude Include="..\Shared\CubemapResourceData.h">
      <Filter>Header Files\Resource\Data</Filter>
    </ClInclude>
    <ClInclude Include="..\Shared\GeometryResourceData.h">
      <Filter>Header Files\Resource\Data</Filter>
    </ClInclude>
    <ClInclude Include="..\Shared\SkeletonResourceData.h">
      <Filter>Header Files\Resource\Data</Filter>
    </ClInclude>
    <ClInclude Include="..\Shared\TextureResourceData.h">
      <Filter>Header Files\Resource\Data</Filter>
    </ClInclude>
    <ClInclude Include="FileType.h">
      <Filter>Header Files\Misc</Filter>
    </ClInclude>
    <ClInclude Include="..\Shared\FontResourceData.h">
      <Filter>Header Files\Resource\Data</Filter>
    </ClInclude>
  </ItemGroup>
  <ItemGroup>
    <ClCompile Include="Global.cpp">
      <Filter>Source Files\Global</Filter>
    </ClCompile>
    <ClCompile Include="Main.cpp">
      <Filter>Source Files</Filter>
    </ClCompile>
    <ClCompile Include="..\Shared\FileManager.cpp">
      <Filter>Source Files\Manager</Filter>
    </ClCompile>
    <ClCompile Include="..\Shared\Maths.cpp">
      <Filter>Source Files\Global</Filter>
    </ClCompile>
    <ClCompile Include="stb_image.cpp">
      <Filter>Include</Filter>
    </ClCompile>
    <ClCompile Include="..\Shared\AnimationResourceData.cpp">
      <Filter>Source Files\Resource\Data</Filter>
    </ClCompile>
    <ClCompile Include="..\Shared\CubemapResourceData.cpp">
      <Filter>Source Files\Resource\Data</Filter>
    </ClCompile>
    <ClCompile Include="..\Shared\GeometryResourceData.cpp">
      <Filter>Source Files\Resource\Data</Filter>
    </ClCompile>
    <ClCompile Include="..\Shared\SkeletonResourceData.cpp">
      <Filter>Source Files\Resource\Data</Filter>
    </ClCompile>
    <ClCompile Include="..\Shared\TextureResourceData.cpp">
      <Filter>Source Files\Resource\Data</Filter>
    </ClCompile>
    <ClCompile Include="..\Shared\FontResourceData.cpp">
      <Filter>Source Files\Resource\Data</Filter>
    </ClCompile>
  </ItemGroup>
</Project>