<?xml version="1.0" encoding="utf-8"?>
<Project ToolsVersion="4.0" xmlns="http://schemas.microsoft.com/developer/msbuild/2003">
  <ItemGroup>
    <Filter Include="Source Files">
      <UniqueIdentifier>{4FC737F1-C7A5-4376-A066-2A32D752A2FF}</UniqueIdentifier>
      <Extensions>cpp;c;cc;cxx;c++;cppm;ixx;def;odl;idl;hpj;bat;asm;asmx</Extensions>
    </Filter>
    <Filter Include="Header Files">
      <UniqueIdentifier>{93995380-89BD-4b04-88EB-625FBE52EBFB}</UniqueIdentifier>
      <Extensions>h;hh;hpp;hxx;h++;hm;inl;inc;ipp;xsd</Extensions>
    </Filter>
    <Filter Include="Header Files\Global">
      <UniqueIdentifier>{8a2dce6a-7db2-45c8-b38e-7c04b446de51}</UniqueIdentifier>
    </Filter>
    <Filter Include="Source Files\Global">
      <UniqueIdentifier>{8f2536bb-a421-4795-a41d-d99229d2dd32}</UniqueIdentifier>
    </Filter>
    <Filter Include="Include">
      <UniqueIdentifier>{ca362f4e-6d47-4f22-8120-5eec6ddf148d}</UniqueIdentifier>
    </Filter>
    <Filter Include="Source Files\Manager">
      <UniqueIdentifier>{2a4b9632-a80d-4001-8f71-4ffef8b6a58a}</UniqueIdentifier>
    </Filter>
    <Filter Include="Header Files\Manager">
      <UniqueIdentifier>{4410d149-a47d-4deb-9dd8-f8c3367916bd}</UniqueIdentifier>
    </Filter>
  </ItemGroup>
  <ItemGroup>
    <ClCompile Include="Main.cpp">
      <Filter>Source Files</Filter>
    </ClCompile>
    <ClCompile Include="Global.cpp">
      <Filter>Source Files\Global</Filter>
    </ClCompile>
    <ClCompile Include="..\shared\UTIL.cpp">
      <Filter>Source Files\Global</Filter>
    </ClCompile>
    <ClCompile Include="stb_image.cpp">
      <Filter>Include</Filter>
    </ClCompile>
    <ClCompile Include="..\shared\TextReader.cpp">
      <Filter>Source Files\Global</Filter>
    </ClCompile>
  </ItemGroup>
  <ItemGroup>
    <ClInclude Include="Global.h">
      <Filter>Header Files\Global</Filter>
    </ClInclude>
    <ClInclude Include="..\shared\BaseGlobal.h">
      <Filter>Header Files\Global</Filter>
    </ClInclude>
    <ClInclude Include="..\shared\UTIL.h">
      <Filter>Header Files\Global</Filter>
    </ClInclude>
    <ClInclude Include="..\shared\TextReader.h">
      <Filter>Header Files\Global</Filter>
    </ClInclude>
    <ClInclude Include="..\shared\Maths.h">
      <Filter>Header Files\Global</Filter>
    </ClInclude>
  </ItemGroup>
</Project>